// !$*UTF8*$!
{
	archiveVersion = 1;
	classes = {
	};
	objectVersion = 56;
	objects = {

/* Begin PBXBuildFile section */
		64AEEDA82C11DCBF00C0187F /* MoonshotApp.swift in Sources */ = {isa = PBXBuildFile; fileRef = 64AEEDA72C11DCBF00C0187F /* MoonshotApp.swift */; };
		64AEEDAA2C11DCBF00C0187F /* ContentView.swift in Sources */ = {isa = PBXBuildFile; fileRef = 64AEEDA92C11DCBF00C0187F /* ContentView.swift */; };
		64AEEDAC2C11DCC100C0187F /* Assets.xcassets in Resources */ = {isa = PBXBuildFile; fileRef = 64AEEDAB2C11DCC100C0187F /* Assets.xcassets */; };
		64AEEDAF2C11DCC100C0187F /* Preview Assets.xcassets in Resources */ = {isa = PBXBuildFile; fileRef = 64AEEDAE2C11DCC100C0187F /* Preview Assets.xcassets */; };
		64AEEDBA2C12F8E900C0187F /* Astronaut.swift in Sources */ = {isa = PBXBuildFile; fileRef = 64AEEDB92C12F8E900C0187F /* Astronaut.swift */; };
		64AEEDBC2C12F94E00C0187F /* Bundle-Decodable.swift in Sources */ = {isa = PBXBuildFile; fileRef = 64AEEDBB2C12F94E00C0187F /* Bundle-Decodable.swift */; };
		64AEEDC42C12FCCE00C0187F /* MIssion.swift in Sources */ = {isa = PBXBuildFile; fileRef = 64AEEDC32C12FCCE00C0187F /* MIssion.swift */; };
		64AEEDC72C1308A800C0187F /* astronauts.json in Resources */ = {isa = PBXBuildFile; fileRef = 64AEEDC52C1308A800C0187F /* astronauts.json */; };
		64AEEDC82C1308A800C0187F /* missions.json in Resources */ = {isa = PBXBuildFile; fileRef = 64AEEDC62C1308A800C0187F /* missions.json */; };
		64AEEDCA2C13150100C0187F /* Color-Theme.swift in Sources */ = {isa = PBXBuildFile; fileRef = 64AEEDC92C13150100C0187F /* Color-Theme.swift */; };
		64AEEDCC2C131D3A00C0187F /* MissionView.swift in Sources */ = {isa = PBXBuildFile; fileRef = 64AEEDCB2C131D3A00C0187F /* MissionView.swift */; };
		64AEEDCE2C13231500C0187F /* AstronautView.swift in Sources */ = {isa = PBXBuildFile; fileRef = 64AEEDCD2C13231500C0187F /* AstronautView.swift */; };
		64AEEDD02C146A1B00C0187F /* CrewMemberView.swift in Sources */ = {isa = PBXBuildFile; fileRef = 64AEEDCF2C146A1B00C0187F /* CrewMemberView.swift */; };
/* End PBXBuildFile section */

/* Begin PBXFileReference section */
		64AEEDA42C11DCBF00C0187F /* Moonshot.app */ = {isa = PBXFileReference; explicitFileType = wrapper.application; includeInIndex = 0; path = Moonshot.app; sourceTree = BUILT_PRODUCTS_DIR; };
		64AEEDA72C11DCBF00C0187F /* MoonshotApp.swift */ = {isa = PBXFileReference; lastKnownFileType = sourcecode.swift; path = MoonshotApp.swift; sourceTree = "<group>"; };
		64AEEDA92C11DCBF00C0187F /* ContentView.swift */ = {isa = PBXFileReference; lastKnownFileType = sourcecode.swift; path = ContentView.swift; sourceTree = "<group>"; };
		64AEEDAB2C11DCC100C0187F /* Assets.xcassets */ = {isa = PBXFileReference; lastKnownFileType = folder.assetcatalog; path = Assets.xcassets; sourceTree = "<group>"; };
		64AEEDAE2C11DCC100C0187F /* Preview Assets.xcassets */ = {isa = PBXFileReference; lastKnownFileType = folder.assetcatalog; path = "Preview Assets.xcassets"; sourceTree = "<group>"; };
		64AEEDB92C12F8E900C0187F /* Astronaut.swift */ = {isa = PBXFileReference; lastKnownFileType = sourcecode.swift; path = Astronaut.swift; sourceTree = "<group>"; };
		64AEEDBB2C12F94E00C0187F /* Bundle-Decodable.swift */ = {isa = PBXFileReference; lastKnownFileType = sourcecode.swift; path = "Bundle-Decodable.swift"; sourceTree = "<group>"; };
		64AEEDC32C12FCCE00C0187F /* MIssion.swift */ = {isa = PBXFileReference; lastKnownFileType = sourcecode.swift; path = MIssion.swift; sourceTree = "<group>"; };
		64AEEDC52C1308A800C0187F /* astronauts.json */ = {isa = PBXFileReference; fileEncoding = 4; lastKnownFileType = text.json; path = astronauts.json; sourceTree = "<group>"; };
		64AEEDC62C1308A800C0187F /* missions.json */ = {isa = PBXFileReference; fileEncoding = 4; lastKnownFileType = text.json; path = missions.json; sourceTree = "<group>"; };
		64AEEDC92C13150100C0187F /* Color-Theme.swift */ = {isa = PBXFileReference; lastKnownFileType = sourcecode.swift; path = "Color-Theme.swift"; sourceTree = "<group>"; };
		64AEEDCB2C131D3A00C0187F /* MissionView.swift */ = {isa = PBXFileReference; lastKnownFileType = sourcecode.swift; path = MissionView.swift; sourceTree = "<group>"; };
		64AEEDCD2C13231500C0187F /* AstronautView.swift */ = {isa = PBXFileReference; lastKnownFileType = sourcecode.swift; path = AstronautView.swift; sourceTree = "<group>"; };
		64AEEDCF2C146A1B00C0187F /* CrewMemberView.swift */ = {isa = PBXFileReference; lastKnownFileType = sourcecode.swift; path = CrewMemberView.swift; sourceTree = "<group>"; };
/* End PBXFileReference section */

/* Begin PBXFrameworksBuildPhase section */
		64AEEDA12C11DCBF00C0187F /* Frameworks */ = {
			isa = PBXFrameworksBuildPhase;
			buildActionMask = 2147483647;
			files = (
			);
			runOnlyForDeploymentPostprocessing = 0;
		};
/* End PBXFrameworksBuildPhase section */

/* Begin PBXGroup section */
		64AEED9B2C11DCBF00C0187F = {
			isa = PBXGroup;
			children = (
				64AEEDA62C11DCBF00C0187F /* Moonshot */,
				64AEEDA52C11DCBF00C0187F /* Products */,
			);
			sourceTree = "<group>";
		};
		64AEEDA52C11DCBF00C0187F /* Products */ = {
			isa = PBXGroup;
			children = (
				64AEEDA42C11DCBF00C0187F /* Moonshot.app */,
			);
			name = Products;
			sourceTree = "<group>";
		};
		64AEEDA62C11DCBF00C0187F /* Moonshot */ = {
			isa = PBXGroup;
			children = (
				64AEEDA72C11DCBF00C0187F /* MoonshotApp.swift */,
				64AEEDA92C11DCBF00C0187F /* ContentView.swift */,
				64AEEDCB2C131D3A00C0187F /* MissionView.swift */,
				64AEEDCD2C13231500C0187F /* AstronautView.swift */,
				64AEEDCF2C146A1B00C0187F /* CrewMemberView.swift */,
				64AEEDB92C12F8E900C0187F /* Astronaut.swift */,
				64AEEDC92C13150100C0187F /* Color-Theme.swift */,
				64AEEDC32C12FCCE00C0187F /* MIssion.swift */,
				64AEEDC52C1308A800C0187F /* astronauts.json */,
				64AEEDC62C1308A800C0187F /* missions.json */,
				64AEEDBB2C12F94E00C0187F /* Bundle-Decodable.swift */,
				64AEEDAB2C11DCC100C0187F /* Assets.xcassets */,
				64AEEDAD2C11DCC100C0187F /* Preview Content */,
			);
			path = Moonshot;
			sourceTree = "<group>";
		};
		64AEEDAD2C11DCC100C0187F /* Preview Content */ = {
			isa = PBXGroup;
			children = (
				64AEEDAE2C11DCC100C0187F /* Preview Assets.xcassets */,
			);
			path = "Preview Content";
			sourceTree = "<group>";
		};
/* End PBXGroup section */

/* Begin PBXNativeTarget section */
		64AEEDA32C11DCBF00C0187F /* Moonshot */ = {
			isa = PBXNativeTarget;
			buildConfigurationList = 64AEEDB22C11DCC100C0187F /* Build configuration list for PBXNativeTarget "Moonshot" */;
			buildPhases = (
				64AEEDA02C11DCBF00C0187F /* Sources */,
				64AEEDA12C11DCBF00C0187F /* Frameworks */,
				64AEEDA22C11DCBF00C0187F /* Resources */,
			);
			buildRules = (
			);
			dependencies = (
			);
			name = Moonshot;
			productName = Moonshot;
			productReference = 64AEEDA42C11DCBF00C0187F /* Moonshot.app */;
			productType = "com.apple.product-type.application";
		};
/* End PBXNativeTarget section */

/* Begin PBXProject section */
		64AEED9C2C11DCBF00C0187F /* Project object */ = {
			isa = PBXProject;
			attributes = {
				BuildIndependentTargetsInParallel = 1;
				LastSwiftUpdateCheck = 1500;
				LastUpgradeCheck = 1500;
				TargetAttributes = {
					64AEEDA32C11DCBF00C0187F = {
						CreatedOnToolsVersion = 15.0.1;
					};
				};
			};
			buildConfigurationList = 64AEED9F2C11DCBF00C0187F /* Build configuration list for PBXProject "Moonshot" */;
			compatibilityVersion = "Xcode 14.0";
			developmentRegion = en;
			hasScannedForEncodings = 0;
			knownRegions = (
				en,
				Base,
			);
			mainGroup = 64AEED9B2C11DCBF00C0187F;
			productRefGroup = 64AEEDA52C11DCBF00C0187F /* Products */;
			projectDirPath = "";
			projectRoot = "";
			targets = (
				64AEEDA32C11DCBF00C0187F /* Moonshot */,
			);
		};
/* End PBXProject section */

/* Begin PBXResourcesBuildPhase section */
		64AEEDA22C11DCBF00C0187F /* Resources */ = {
			isa = PBXResourcesBuildPhase;
			buildActionMask = 2147483647;
			files = (
				64AEEDC72C1308A800C0187F /* astronauts.json in Resources */,
				64AEEDAF2C11DCC100C0187F /* Preview Assets.xcassets in Resources */,
				64AEEDC82C1308A800C0187F /* missions.json in Resources */,
				64AEEDAC2C11DCC100C0187F /* Assets.xcassets in Resources */,
			);
			runOnlyForDeploymentPostprocessing = 0;
		};
/* End PBXResourcesBuildPhase section */

/* Begin PBXSourcesBuildPhase section */
		64AEEDA02C11DCBF00C0187F /* Sources */ = {
			isa = PBXSourcesBuildPhase;
			buildActionMask = 2147483647;
			files = (
				64AEEDD02C146A1B00C0187F /* CrewMemberView.swift in Sources */,
				64AEEDCC2C131D3A00C0187F /* MissionView.swift in Sources */,
				64AEEDBA2C12F8E900C0187F /* Astronaut.swift in Sources */,
				64AEEDCE2C13231500C0187F /* AstronautView.swift in Sources */,
				64AEEDCA2C13150100C0187F /* Color-Theme.swift in Sources */,
				64AEEDAA2C11DCBF00C0187F /* ContentView.swift in Sources */,
				64AEEDA82C11DCBF00C0187F /* MoonshotApp.swift in Sources */,
				64AEEDBC2C12F94E00C0187F /* Bundle-Decodable.swift in Sources */,
				64AEEDC42C12FCCE00C0187F /* MIssion.swift in Sources */,
			);
			runOnlyForDeploymentPostprocessing = 0;
		};
/* End PBXSourcesBuildPhase section */

/* Begin XCBuildConfiguration section */
		64AEEDB02C11DCC100C0187F /* Debug */ = {
			isa = XCBuildConfiguration;
			buildSettings = {
				ALWAYS_SEARCH_USER_PATHS = NO;
				ASSETCATALOG_COMPILER_GENERATE_SWIFT_ASSET_SYMBOL_EXTENSIONS = YES;
				CLANG_ANALYZER_NONNULL = YES;
				CLANG_ANALYZER_NUMBER_OBJECT_CONVERSION = YES_AGGRESSIVE;
				CLANG_CXX_LANGUAGE_STANDARD = "gnu++20";
				CLANG_ENABLE_MODULES = YES;
				CLANG_ENABLE_OBJC_ARC = YES;
				CLANG_ENABLE_OBJC_WEAK = YES;
				CLANG_WARN_BLOCK_CAPTURE_AUTORELEASING = YES;
				CLANG_WARN_BOOL_CONVERSION = YES;
				CLANG_WARN_COMMA = YES;
				CLANG_WARN_CONSTANT_CONVERSION = YES;
				CLANG_WARN_DEPRECATED_OBJC_IMPLEMENTATIONS = YES;
				CLANG_WARN_DIRECT_OBJC_ISA_USAGE = YES_ERROR;
				CLANG_WARN_DOCUMENTATION_COMMENTS = YES;
				CLANG_WARN_EMPTY_BODY = YES;
				CLANG_WARN_ENUM_CONVERSION = YES;
				CLANG_WARN_INFINITE_RECURSION = YES;
				CLANG_WARN_INT_CONVERSION = YES;
				CLANG_WARN_NON_LITERAL_NULL_CONVERSION = YES;
				CLANG_WARN_OBJC_IMPLICIT_RETAIN_SELF = YES;
				CLANG_WARN_OBJC_LITERAL_CONVERSION = YES;
				CLANG_WARN_OBJC_ROOT_CLASS = YES_ERROR;
				CLANG_WARN_QUOTED_INCLUDE_IN_FRAMEWORK_HEADER = YES;
				CLANG_WARN_RANGE_LOOP_ANALYSIS = YES;
				CLANG_WARN_STRICT_PROTOTYPES = YES;
				CLANG_WARN_SUSPICIOUS_MOVE = YES;
				CLANG_WARN_UNGUARDED_AVAILABILITY = YES_AGGRESSIVE;
				CLANG_WARN_UNREACHABLE_CODE = YES;
				CLANG_WARN__DUPLICATE_METHOD_MATCH = YES;
				COPY_PHASE_STRIP = NO;
				DEBUG_INFORMATION_FORMAT = dwarf;
				ENABLE_STRICT_OBJC_MSGSEND = YES;
				ENABLE_TESTABILITY = YES;
				ENABLE_USER_SCRIPT_SANDBOXING = YES;
				GCC_C_LANGUAGE_STANDARD = gnu17;
				GCC_DYNAMIC_NO_PIC = NO;
				GCC_NO_COMMON_BLOCKS = YES;
				GCC_OPTIMIZATION_LEVEL = 0;
				GCC_PREPROCESSOR_DEFINITIONS = (
					"DEBUG=1",
					"$(inherited)",
				);
				GCC_WARN_64_TO_32_BIT_CONVERSION = YES;
				GCC_WARN_ABOUT_RETURN_TYPE = YES_ERROR;
				GCC_WARN_UNDECLARED_SELECTOR = YES;
				GCC_WARN_UNINITIALIZED_AUTOS = YES_AGGRESSIVE;
				GCC_WARN_UNUSED_FUNCTION = YES;
				GCC_WARN_UNUSED_VARIABLE = YES;
				IPHONEOS_DEPLOYMENT_TARGET = 17.0;
				LOCALIZATION_PREFERS_STRING_CATALOGS = YES;
				MTL_ENABLE_DEBUG_INFO = INCLUDE_SOURCE;
				MTL_FAST_MATH = YES;
				ONLY_ACTIVE_ARCH = YES;
				SDKROOT = iphoneos;
				SWIFT_ACTIVE_COMPILATION_CONDITIONS = "DEBUG $(inherited)";
				SWIFT_OPTIMIZATION_LEVEL = "-Onone";
			};
			name = Debug;
		};
		64AEEDB12C11DCC100C0187F /* Release */ = {
			isa = XCBuildConfiguration;
			buildSettings = {
				ALWAYS_SEARCH_USER_PATHS = NO;
				ASSETCATALOG_COMPILER_GENERATE_SWIFT_ASSET_SYMBOL_EXTENSIONS = YES;
				CLANG_ANALYZER_NONNULL = YES;
				CLANG_ANALYZER_NUMBER_OBJECT_CONVERSION = YES_AGGRESSIVE;
				CLANG_CXX_LANGUAGE_STANDARD = "gnu++20";
				CLANG_ENABLE_MODULES = YES;
				CLANG_ENABLE_OBJC_ARC = YES;
				CLANG_ENABLE_OBJC_WEAK = YES;
				CLANG_WARN_BLOCK_CAPTURE_AUTORELEASING = YES;
				CLANG_WARN_BOOL_CONVERSION = YES;
				CLANG_WARN_COMMA = YES;
				CLANG_WARN_CONSTANT_CONVERSION = YES;
				CLANG_WARN_DEPRECATED_OBJC_IMPLEMENTATIONS = YES;
				CLANG_WARN_DIRECT_OBJC_ISA_USAGE = YES_ERROR;
				CLANG_WARN_DOCUMENTATION_COMMENTS = YES;
				CLANG_WARN_EMPTY_BODY = YES;
				CLANG_WARN_ENUM_CONVERSION = YES;
				CLANG_WARN_INFINITE_RECURSION = YES;
				CLANG_WARN_INT_CONVERSION = YES;
				CLANG_WARN_NON_LITERAL_NULL_CONVERSION = YES;
				CLANG_WARN_OBJC_IMPLICIT_RETAIN_SELF = YES;
				CLANG_WARN_OBJC_LITERAL_CONVERSION = YES;
				CLANG_WARN_OBJC_ROOT_CLASS = YES_ERROR;
				CLANG_WARN_QUOTED_INCLUDE_IN_FRAMEWORK_HEADER = YES;
				CLANG_WARN_RANGE_LOOP_ANALYSIS = YES;
				CLANG_WARN_STRICT_PROTOTYPES = YES;
				CLANG_WARN_SUSPICIOUS_MOVE = YES;
				CLANG_WARN_UNGUARDED_AVAILABILITY = YES_AGGRESSIVE;
				CLANG_WARN_UNREACHABLE_CODE = YES;
				CLANG_WARN__DUPLICATE_METHOD_MATCH = YES;
				COPY_PHASE_STRIP = NO;
				DEBUG_INFORMATION_FORMAT = "dwarf-with-dsym";
				ENABLE_NS_ASSERTIONS = NO;
				ENABLE_STRICT_OBJC_MSGSEND = YES;
				ENABLE_USER_SCRIPT_SANDBOXING = YES;
				GCC_C_LANGUAGE_STANDARD = gnu17;
				GCC_NO_COMMON_BLOCKS = YES;
				GCC_WARN_64_TO_32_BIT_CONVERSION = YES;
				GCC_WARN_ABOUT_RETURN_TYPE = YES_ERROR;
				GCC_WARN_UNDECLARED_SELECTOR = YES;
				GCC_WARN_UNINITIALIZED_AUTOS = YES_AGGRESSIVE;
				GCC_WARN_UNUSED_FUNCTION = YES;
				GCC_WARN_UNUSED_VARIABLE = YES;
				IPHONEOS_DEPLOYMENT_TARGET = 17.0;
				LOCALIZATION_PREFERS_STRING_CATALOGS = YES;
				MTL_ENABLE_DEBUG_INFO = NO;
				MTL_FAST_MATH = YES;
				SDKROOT = iphoneos;
				SWIFT_COMPILATION_MODE = wholemodule;
				VALIDATE_PRODUCT = YES;
			};
			name = Release;
		};
		64AEEDB32C11DCC100C0187F /* Debug */ = {
			isa = XCBuildConfiguration;
			buildSettings = {
				ASSETCATALOG_COMPILER_APPICON_NAME = AppIcon;
				ASSETCATALOG_COMPILER_GLOBAL_ACCENT_COLOR_NAME = AccentColor;
				CODE_SIGN_STYLE = Automatic;
				CURRENT_PROJECT_VERSION = 1;
				DEVELOPMENT_ASSET_PATHS = "\"Moonshot/Preview Content\"";
				DEVELOPMENT_TEAM = UZRVQ48Y4T;
				ENABLE_PREVIEWS = YES;
				GENERATE_INFOPLIST_FILE = YES;
				INFOPLIST_KEY_UIApplicationSceneManifest_Generation = YES;
				INFOPLIST_KEY_UIApplicationSupportsIndirectInputEvents = YES;
				INFOPLIST_KEY_UILaunchScreen_Generation = YES;
				INFOPLIST_KEY_UISupportedInterfaceOrientations_iPad = "UIInterfaceOrientationPortrait UIInterfaceOrientationPortraitUpsideDown UIInterfaceOrientationLandscapeLeft UIInterfaceOrientationLandscapeRight";
				INFOPLIST_KEY_UISupportedInterfaceOrientations_iPhone = "UIInterfaceOrientationPortrait UIInterfaceOrientationLandscapeLeft UIInterfaceOrientationLandscapeRight";
				LD_RUNPATH_SEARCH_PATHS = (
					"$(inherited)",
					"@executable_path/Frameworks",
				);
				MARKETING_VERSION = 1.0;
				PRODUCT_BUNDLE_IDENTIFIER = den.Moonshot;
				PRODUCT_NAME = "$(TARGET_NAME)";
				SWIFT_EMIT_LOC_STRINGS = YES;
				SWIFT_VERSION = 5.0;
				TARGETED_DEVICE_FAMILY = "1,2";
			};
			name = Debug;
		};
		64AEEDB42C11DCC100C0187F /* Release */ = {
			isa = XCBuildConfiguration;
			buildSettings = {
				ASSETCATALOG_COMPILER_APPICON_NAME = AppIcon;
				ASSETCATALOG_COMPILER_GLOBAL_ACCENT_COLOR_NAME = AccentColor;
				CODE_SIGN_STYLE = Automatic;
				CURRENT_PROJECT_VERSION = 1;
				DEVELOPMENT_ASSET_PATHS = "\"Moonshot/Preview Content\"";
				DEVELOPMENT_TEAM = UZRVQ48Y4T;
				ENABLE_PREVIEWS = YES;
				GENERATE_INFOPLIST_FILE = YES;
				INFOPLIST_KEY_UIApplicationSceneManifest_Generation = YES;
				INFOPLIST_KEY_UIApplicationSupportsIndirectInputEvents = YES;
				INFOPLIST_KEY_UILaunchScreen_Generation = YES;
				INFOPLIST_KEY_UISupportedInterfaceOrientations_iPad = "UIInterfaceOrientationPortrait UIInterfaceOrientationPortraitUpsideDown UIInterfaceOrientationLandscapeLeft UIInterfaceOrientationLandscapeRight";
				INFOPLIST_KEY_UISupportedInterfaceOrientations_iPhone = "UIInterfaceOrientationPortrait UIInterfaceOrientationLandscapeLeft UIInterfaceOrientationLandscapeRight";
				LD_RUNPATH_SEARCH_PATHS = (
					"$(inherited)",
					"@executable_path/Frameworks",
				);
				MARKETING_VERSION = 1.0;
				PRODUCT_BUNDLE_IDENTIFIER = den.Moonshot;
				PRODUCT_NAME = "$(TARGET_NAME)";
				SWIFT_EMIT_LOC_STRINGS = YES;
				SWIFT_VERSION = 5.0;
				TARGETED_DEVICE_FAMILY = "1,2";
			};
			name = Release;
		};
/* End XCBuildConfiguration section */

/* Begin XCConfigurationList section */
		64AEED9F2C11DCBF00C0187F /* Build configuration list for PBXProject "Moonshot" */ = {
			isa = XCConfigurationList;
			buildConfigurations = (
				64AEEDB02C11DCC100C0187F /* Debug */,
				64AEEDB12C11DCC100C0187F /* Release */,
			);
			defaultConfigurationIsVisible = 0;
			defaultConfigurationName = Release;
		};
		64AEEDB22C11DCC100C0187F /* Build configuration list for PBXNativeTarget "Moonshot" */ = {
			isa = XCConfigurationList;
			buildConfigurations = (
				64AEEDB32C11DCC100C0187F /* Debug */,
				64AEEDB42C11DCC100C0187F /* Release */,
			);
			defaultConfigurationIsVisible = 0;
			defaultConfigurationName = Release;
		};
/* End XCConfigurationList section */
	};
	rootObject = 64AEED9C2C11DCBF00C0187F /* Project object */;
}
